
Microsoft Visual Studio Solution File, Format Version 12.00
# Visual Studio Version 16
VisualStudioVersion = 16.0.30523.141
MinimumVisualStudioVersion = 10.0.40219.1
Project("{FAE04EC0-301F-11D3-BF4B-00C04F79EFBC}") = "MVC-Sample", "MVC-Sample.csproj", "{8F5ECAB6-5860-4F01-AB47-9A748AD16B91}"
EndProject
Global
	GlobalSection(SolutionConfigurationPlatforms) = preSolution
		Debug|Any CPU = Debug|Any CPU
		Release|Any CPU = Release|Any CPU
	EndGlobalSection
	GlobalSection(ProjectConfigurationPlatforms) = postSolution
		{8F5ECAB6-5860-4F01-AB47-9A748AD16B91}.Debug|Any CPU.ActiveCfg = Debug|Any CPU
		{8F5ECAB6-5860-4F01-AB47-9A748AD16B91}.Debug|Any CPU.Build.0 = Debug|Any CPU
		{8F5ECAB6-5860-4F01-AB47-9A748AD16B91}.Release|Any CPU.ActiveCfg = Release|Any CPU
		{8F5ECAB6-5860-4F01-AB47-9A748AD16B91}.Release|Any CPU.Build.0 = Release|Any CPU
	EndGlobalSection
	GlobalSection(SolutionProperties) = preSolution
		HideSolutionNode = FALSE
	EndGlobalSection
	GlobalSection(ExtensibilityGlobals) = postSolution
		SolutionGuid = {1DE05890-793E-41B7-BB03-5B3509FBDD75}
	EndGlobalSection
EndGlobal
